
Microsoft Visual Studio Solution File, Format Version 12.00
# Visual Studio 14
VisualStudioVersion = 14.0.25420.1
MinimumVisualStudioVersion = 10.0.40219.1
Project("{FAE04EC0-301F-11D3-BF4B-00C04F79EFBC}") = "Only", "Only.csproj", "{22BD0112-B253-4319-9421-C71F6C2CDDD3}"
EndProject
Project("{FAE04EC0-301F-11D3-BF4B-00C04F79EFBC}") = "SampleApp", "..\SampleApp\SampleApp.csproj", "{3EF97800-0499-4A63-9C4A-963A8747487D}"
EndProject
Global
	GlobalSection(SolutionConfigurationPlatforms) = preSolution
		Debug|Any CPU = Debug|Any CPU
		Release|Any CPU = Release|Any CPU
	EndGlobalSection
	GlobalSection(ProjectConfigurationPlatforms) = postSolution
		{22BD0112-B253-4319-9421-C71F6C2CDDD3}.Debug|Any CPU.ActiveCfg = Debug|Any CPU
		{22BD0112-B253-4319-9421-C71F6C2CDDD3}.Debug|Any CPU.Build.0 = Debug|Any CPU
		{22BD0112-B253-4319-9421-C71F6C2CDDD3}.Release|Any CPU.ActiveCfg = Release|Any CPU
		{22BD0112-B253-4319-9421-C71F6C2CDDD3}.Release|Any CPU.Build.0 = Release|Any CPU
		{3EF97800-0499-4A63-9C4A-963A8747487D}.Debug|Any CPU.ActiveCfg = Debug|Any CPU
		{3EF97800-0499-4A63-9C4A-963A8747487D}.Debug|Any CPU.Build.0 = Debug|Any CPU
		{3EF97800-0499-4A63-9C4A-963A8747487D}.Release|Any CPU.ActiveCfg = Release|Any CPU
		{3EF97800-0499-4A63-9C4A-963A8747487D}.Release|Any CPU.Build.0 = Release|Any CPU
	EndGlobalSection
	GlobalSection(SolutionProperties) = preSolution
		HideSolutionNode = FALSE
	EndGlobalSection
EndGlobal
